
Microsoft Visual Studio Solution File, Format Version 12.00
# Visual Studio Version 17
VisualStudioVersion = 17.8.34112.27
MinimumVisualStudioVersion = 10.0.40219.1
Project("{FAE04EC0-301F-11D3-BF4B-00C04F79EFBC}") = "October20Practice", "October20Practice\October20Practice.csproj", "{7B8BEC44-F3B7-45D1-9C70-D8ADB4F341BB}"
EndProject
Global
	GlobalSection(SolutionConfigurationPlatforms) = preSolution
		Debug|Any CPU = Debug|Any CPU
		Release|Any CPU = Release|Any CPU
	EndGlobalSection
	GlobalSection(ProjectConfigurationPlatforms) = postSolution
		{7B8BEC44-F3B7-45D1-9C70-D8ADB4F341BB}.Debug|Any CPU.ActiveCfg = Debug|Any CPU
		{7B8BEC44-F3B7-45D1-9C70-D8ADB4F341BB}.Debug|Any CPU.Build.0 = Debug|Any CPU
		{7B8BEC44-F3B7-45D1-9C70-D8ADB4F341BB}.Release|Any CPU.ActiveCfg = Release|Any CPU
		{7B8BEC44-F3B7-45D1-9C70-D8ADB4F341BB}.Release|Any CPU.Build.0 = Release|Any CPU
	EndGlobalSection
	GlobalSection(SolutionProperties) = preSolution
		HideSolutionNode = FALSE
	EndGlobalSection
	GlobalSection(ExtensibilityGlobals) = postSolution
		SolutionGuid = {54E976C0-B165-4904-B39C-16946E576633}
	EndGlobalSection
EndGlobal
