
Microsoft Visual Studio Solution File, Format Version 12.00
# Visual Studio Version 17
VisualStudioVersion = 17.0.31903.59
MinimumVisualStudioVersion = 10.0.40219.1
Project("{FAE04EC0-301F-11D3-BF4B-00C04F79EFBC}") = "Game.Demo", "Game.Demo\Game.Demo.csproj", "{B37B019B-4AD0-436C-ACA8-8664FE37C0FF}"
EndProject
Project("{FAE04EC0-301F-11D3-BF4B-00C04F79EFBC}") = "Game.Weapon", "Game.Weapon\Game.Weapon.csproj", "{1670A055-A417-463E-BBF0-F6DB3CB3FED2}"
EndProject
Global
	GlobalSection(SolutionConfigurationPlatforms) = preSolution
		Debug|Any CPU = Debug|Any CPU
		Release|Any CPU = Release|Any CPU
	EndGlobalSection
	GlobalSection(SolutionProperties) = preSolution
		HideSolutionNode = FALSE
	EndGlobalSection
	GlobalSection(ProjectConfigurationPlatforms) = postSolution
		{B37B019B-4AD0-436C-ACA8-8664FE37C0FF}.Debug|Any CPU.ActiveCfg = Debug|Any CPU
		{B37B019B-4AD0-436C-ACA8-8664FE37C0FF}.Debug|Any CPU.Build.0 = Debug|Any CPU
		{B37B019B-4AD0-436C-ACA8-8664FE37C0FF}.Release|Any CPU.ActiveCfg = Release|Any CPU
		{B37B019B-4AD0-436C-ACA8-8664FE37C0FF}.Release|Any CPU.Build.0 = Release|Any CPU
		{1670A055-A417-463E-BBF0-F6DB3CB3FED2}.Debug|Any CPU.ActiveCfg = Debug|Any CPU
		{1670A055-A417-463E-BBF0-F6DB3CB3FED2}.Debug|Any CPU.Build.0 = Debug|Any CPU
		{1670A055-A417-463E-BBF0-F6DB3CB3FED2}.Release|Any CPU.ActiveCfg = Release|Any CPU
		{1670A055-A417-463E-BBF0-F6DB3CB3FED2}.Release|Any CPU.Build.0 = Release|Any CPU
	EndGlobalSection
EndGlobal
