
Microsoft Visual Studio Solution File, Format Version 12.00
# Visual Studio Version 17
VisualStudioVersion = 17.7.34031.279
MinimumVisualStudioVersion = 10.0.40219.1
Project("{FAE04EC0-301F-11D3-BF4B-00C04F79EFBC}") = "October27", "October27\October27.csproj", "{240BEF29-FA86-4019-ABDD-89C74F434072}"
EndProject
Global
	GlobalSection(SolutionConfigurationPlatforms) = preSolution
		Debug|Any CPU = Debug|Any CPU
		Release|Any CPU = Release|Any CPU
	EndGlobalSection
	GlobalSection(ProjectConfigurationPlatforms) = postSolution
		{240BEF29-FA86-4019-ABDD-89C74F434072}.Debug|Any CPU.ActiveCfg = Debug|Any CPU
		{240BEF29-FA86-4019-ABDD-89C74F434072}.Debug|Any CPU.Build.0 = Debug|Any CPU
		{240BEF29-FA86-4019-ABDD-89C74F434072}.Release|Any CPU.ActiveCfg = Release|Any CPU
		{240BEF29-FA86-4019-ABDD-89C74F434072}.Release|Any CPU.Build.0 = Release|Any CPU
	EndGlobalSection
	GlobalSection(SolutionProperties) = preSolution
		HideSolutionNode = FALSE
	EndGlobalSection
	GlobalSection(ExtensibilityGlobals) = postSolution
		SolutionGuid = {939A7624-DCF0-4AF8-85C5-BA276BC661B3}
	EndGlobalSection
EndGlobal
