
Microsoft Visual Studio Solution File, Format Version 12.00
# Visual Studio Version 17
VisualStudioVersion = 17.7.34031.279
MinimumVisualStudioVersion = 10.0.40219.1
Project("{FAE04EC0-301F-11D3-BF4B-00C04F79EFBC}") = "October24_2", "October24_2\October24_2.csproj", "{3C4ED115-BBC4-4629-82CF-98280B7634AB}"
EndProject
Project("{FAE04EC0-301F-11D3-BF4B-00C04F79EFBC}") = "List", "List\List.csproj", "{40FF037D-37A4-4A85-BFE2-5EB9AB333E41}"
EndProject
Global
	GlobalSection(SolutionConfigurationPlatforms) = preSolution
		Debug|Any CPU = Debug|Any CPU
		Release|Any CPU = Release|Any CPU
	EndGlobalSection
	GlobalSection(ProjectConfigurationPlatforms) = postSolution
		{3C4ED115-BBC4-4629-82CF-98280B7634AB}.Debug|Any CPU.ActiveCfg = Debug|Any CPU
		{3C4ED115-BBC4-4629-82CF-98280B7634AB}.Debug|Any CPU.Build.0 = Debug|Any CPU
		{3C4ED115-BBC4-4629-82CF-98280B7634AB}.Release|Any CPU.ActiveCfg = Release|Any CPU
		{3C4ED115-BBC4-4629-82CF-98280B7634AB}.Release|Any CPU.Build.0 = Release|Any CPU
		{40FF037D-37A4-4A85-BFE2-5EB9AB333E41}.Debug|Any CPU.ActiveCfg = Debug|Any CPU
		{40FF037D-37A4-4A85-BFE2-5EB9AB333E41}.Debug|Any CPU.Build.0 = Debug|Any CPU
		{40FF037D-37A4-4A85-BFE2-5EB9AB333E41}.Release|Any CPU.ActiveCfg = Release|Any CPU
		{40FF037D-37A4-4A85-BFE2-5EB9AB333E41}.Release|Any CPU.Build.0 = Release|Any CPU
	EndGlobalSection
	GlobalSection(SolutionProperties) = preSolution
		HideSolutionNode = FALSE
	EndGlobalSection
	GlobalSection(ExtensibilityGlobals) = postSolution
		SolutionGuid = {BA22BB07-6D2D-4E85-AB5F-DE8457B4D05F}
	EndGlobalSection
EndGlobal
