
Microsoft Visual Studio Solution File, Format Version 12.00
# Visual Studio Version 17
VisualStudioVersion = 17.7.34031.279
MinimumVisualStudioVersion = 10.0.40219.1
Project("{FAE04EC0-301F-11D3-BF4B-00C04F79EFBC}") = "October27Practice", "October27Practice\October27Practice.csproj", "{EFD4ABC8-578A-4695-ABD6-80D36C9D1D76}"
EndProject
Global
	GlobalSection(SolutionConfigurationPlatforms) = preSolution
		Debug|Any CPU = Debug|Any CPU
		Release|Any CPU = Release|Any CPU
	EndGlobalSection
	GlobalSection(ProjectConfigurationPlatforms) = postSolution
		{EFD4ABC8-578A-4695-ABD6-80D36C9D1D76}.Debug|Any CPU.ActiveCfg = Debug|Any CPU
		{EFD4ABC8-578A-4695-ABD6-80D36C9D1D76}.Debug|Any CPU.Build.0 = Debug|Any CPU
		{EFD4ABC8-578A-4695-ABD6-80D36C9D1D76}.Release|Any CPU.ActiveCfg = Release|Any CPU
		{EFD4ABC8-578A-4695-ABD6-80D36C9D1D76}.Release|Any CPU.Build.0 = Release|Any CPU
	EndGlobalSection
	GlobalSection(SolutionProperties) = preSolution
		HideSolutionNode = FALSE
	EndGlobalSection
	GlobalSection(ExtensibilityGlobals) = postSolution
		SolutionGuid = {F13C3BEC-332A-4D7D-B32E-E32D653B9A25}
	EndGlobalSection
EndGlobal
