
Microsoft Visual Studio Solution File, Format Version 12.00
# Visual Studio Version 17
VisualStudioVersion = 17.7.34031.279
MinimumVisualStudioVersion = 10.0.40219.1
Project("{FAE04EC0-301F-11D3-BF4B-00C04F79EFBC}") = "November3Practice", "November3Practice\November3Practice.csproj", "{9A9385A4-6438-419F-AE4C-4A2EDBF10D19}"
EndProject
Global
	GlobalSection(SolutionConfigurationPlatforms) = preSolution
		Debug|Any CPU = Debug|Any CPU
		Release|Any CPU = Release|Any CPU
	EndGlobalSection
	GlobalSection(ProjectConfigurationPlatforms) = postSolution
		{9A9385A4-6438-419F-AE4C-4A2EDBF10D19}.Debug|Any CPU.ActiveCfg = Debug|Any CPU
		{9A9385A4-6438-419F-AE4C-4A2EDBF10D19}.Debug|Any CPU.Build.0 = Debug|Any CPU
		{9A9385A4-6438-419F-AE4C-4A2EDBF10D19}.Release|Any CPU.ActiveCfg = Release|Any CPU
		{9A9385A4-6438-419F-AE4C-4A2EDBF10D19}.Release|Any CPU.Build.0 = Release|Any CPU
	EndGlobalSection
	GlobalSection(SolutionProperties) = preSolution
		HideSolutionNode = FALSE
	EndGlobalSection
	GlobalSection(ExtensibilityGlobals) = postSolution
		SolutionGuid = {AF74EEDB-DCDD-4162-8069-9F9B7AE39F78}
	EndGlobalSection
EndGlobal
